{
  "name": "Javascript-Projects",
  "lockfileVersion": 3,
  "requires": true,
  "packages": {
    "": {
      "dependencies": {
        "@fontsource-variable/onest": "^5.0.6"
      }
    },
    "node_modules/@fontsource-variable/onest": {
      "version": "5.0.6",
      "resolved": "https://registry.npmjs.org/@fontsource-variable/onest/-/onest-5.0.6.tgz",
      "integrity": "sha512-boKBiDKbt80DZoJ064P0421GdpZAmffM814uFEuOOGFEJEPqEThi+KZTrg/DzTEw1c08SuAGjedQQjx3IGFPHg==",
      "license": "OFL-1.1"
    }
  }
}
